
Microsoft Visual Studio Solution File, Format Version 12.00
# Visual Studio Version 17
VisualStudioVersion = 17.13.35806.99 d17.13
MinimumVisualStudioVersion = 10.0.40219.1
Project("{FAE04EC0-301F-11D3-BF4B-00C04F79EFBC}") = "SupermarketWEB", "SupermarketWEB.csproj", "{2A0B249B-A656-4587-A528-A503418FDEAC}"
EndProject
Global
	GlobalSection(SolutionConfigurationPlatforms) = preSolution
		Debug|Any CPU = Debug|Any CPU
		Release|Any CPU = Release|Any CPU
	EndGlobalSection
	GlobalSection(ProjectConfigurationPlatforms) = postSolution
		{2A0B249B-A656-4587-A528-A503418FDEAC}.Debug|Any CPU.ActiveCfg = Debug|Any CPU
		{2A0B249B-A656-4587-A528-A503418FDEAC}.Debug|Any CPU.Build.0 = Debug|Any CPU
		{2A0B249B-A656-4587-A528-A503418FDEAC}.Release|Any CPU.ActiveCfg = Release|Any CPU
		{2A0B249B-A656-4587-A528-A503418FDEAC}.Release|Any CPU.Build.0 = Release|Any CPU
	EndGlobalSection
	GlobalSection(SolutionProperties) = preSolution
		HideSolutionNode = FALSE
	EndGlobalSection
	GlobalSection(ExtensibilityGlobals) = postSolution
		SolutionGuid = {67F79A99-E15F-460E-91AD-C03946C38B95}
	EndGlobalSection
EndGlobal
